
Microsoft Visual Studio Solution File, Format Version 12.00
# Visual Studio Version 17
VisualStudioVersion = 17.7.34031.279
MinimumVisualStudioVersion = 10.0.40219.1
Project("{9A19103F-16F7-4668-BE54-9A1E7A4F7556}") = "Essential-6-1", "Essential-6\Essential-6-1.csproj", "{2188E80A-990D-44AF-BE9A-F6C799308E1C}"
EndProject
Project("{FAE04EC0-301F-11D3-BF4B-00C04F79EFBC}") = "Essential-6-2", "Essential-6-2\Essential-6-2.csproj", "{3C3F31F1-0B91-44F4-807B-899D0F195AC5}"
EndProject
Project("{FAE04EC0-301F-11D3-BF4B-00C04F79EFBC}") = "Essential-6-3", "Essential-6-3\Essential-6-3.csproj", "{CF603E10-8C3E-4F8D-B860-86E75438A74F}"
EndProject
Project("{FAE04EC0-301F-11D3-BF4B-00C04F79EFBC}") = "Essential-6-4", "Essential-6-4\Essential-6-4.csproj", "{67BC3722-8EA2-4857-A1DE-4D3DE4DF5A83}"
EndProject
Global
	GlobalSection(SolutionConfigurationPlatforms) = preSolution
		Debug|Any CPU = Debug|Any CPU
		Release|Any CPU = Release|Any CPU
	EndGlobalSection
	GlobalSection(ProjectConfigurationPlatforms) = postSolution
		{2188E80A-990D-44AF-BE9A-F6C799308E1C}.Debug|Any CPU.ActiveCfg = Debug|Any CPU
		{2188E80A-990D-44AF-BE9A-F6C799308E1C}.Debug|Any CPU.Build.0 = Debug|Any CPU
		{2188E80A-990D-44AF-BE9A-F6C799308E1C}.Release|Any CPU.ActiveCfg = Release|Any CPU
		{2188E80A-990D-44AF-BE9A-F6C799308E1C}.Release|Any CPU.Build.0 = Release|Any CPU
		{3C3F31F1-0B91-44F4-807B-899D0F195AC5}.Debug|Any CPU.ActiveCfg = Debug|Any CPU
		{3C3F31F1-0B91-44F4-807B-899D0F195AC5}.Debug|Any CPU.Build.0 = Debug|Any CPU
		{3C3F31F1-0B91-44F4-807B-899D0F195AC5}.Release|Any CPU.ActiveCfg = Release|Any CPU
		{3C3F31F1-0B91-44F4-807B-899D0F195AC5}.Release|Any CPU.Build.0 = Release|Any CPU
		{CF603E10-8C3E-4F8D-B860-86E75438A74F}.Debug|Any CPU.ActiveCfg = Debug|Any CPU
		{CF603E10-8C3E-4F8D-B860-86E75438A74F}.Debug|Any CPU.Build.0 = Debug|Any CPU
		{CF603E10-8C3E-4F8D-B860-86E75438A74F}.Release|Any CPU.ActiveCfg = Release|Any CPU
		{CF603E10-8C3E-4F8D-B860-86E75438A74F}.Release|Any CPU.Build.0 = Release|Any CPU
		{67BC3722-8EA2-4857-A1DE-4D3DE4DF5A83}.Debug|Any CPU.ActiveCfg = Debug|Any CPU
		{67BC3722-8EA2-4857-A1DE-4D3DE4DF5A83}.Debug|Any CPU.Build.0 = Debug|Any CPU
		{67BC3722-8EA2-4857-A1DE-4D3DE4DF5A83}.Release|Any CPU.ActiveCfg = Release|Any CPU
		{67BC3722-8EA2-4857-A1DE-4D3DE4DF5A83}.Release|Any CPU.Build.0 = Release|Any CPU
	EndGlobalSection
	GlobalSection(SolutionProperties) = preSolution
		HideSolutionNode = FALSE
	EndGlobalSection
	GlobalSection(ExtensibilityGlobals) = postSolution
		SolutionGuid = {D3BE73B9-F64E-4ABD-A434-724397D815BB}
	EndGlobalSection
EndGlobal
